// !$*UTF8*$!
{
	archiveVersion = 1;
	classes = {
	};
	objectVersion = 77;
	objects = {

/* Begin PBXBuildFile section */
		6299275E2DA8253700A070CF /* Date.swift in Sources */ = {isa = PBXBuildFile; fileRef = 6299275A2DA8253700A070CF /* Date.swift */; };
		6299275F2DA8253700A070CF /* String.swift in Sources */ = {isa = PBXBuildFile; fileRef = 6299275B2DA8253700A070CF /* String.swift */; };
		629927602DA8253700A070CF /* UIImage.swift in Sources */ = {isa = PBXBuildFile; fileRef = 6299275C2DA8253700A070CF /* UIImage.swift */; };
		629927622DA8254400A070CF /* Array.swift in Sources */ = {isa = PBXBuildFile; fileRef = 629927612DA8254400A070CF /* Array.swift */; };
		629927642DA8271400A070CF /* Set.swift in Sources */ = {isa = PBXBuildFile; fileRef = 629927632DA8271400A070CF /* Set.swift */; };
		62B4CB462DA6E3440066B404 /* GamePredicate.swift in Sources */ = {isa = PBXBuildFile; fileRef = 62B4CB452DA6E3440066B404 /* GamePredicate.swift */; };
		62B4CB482DA6E4200066B404 /* FetchDescriptor.swift in Sources */ = {isa = PBXBuildFile; fileRef = 62B4CB472DA6E4200066B404 /* FetchDescriptor.swift */; };
		62DBE4692DA6D3B30084DFBC /* GameBuilder.swift in Sources */ = {isa = PBXBuildFile; fileRef = 62DBE4592DA6D3B30084DFBC /* GameBuilder.swift */; };
		62DBE46D2DA6D3B30084DFBC /* GameModel.swift in Sources */ = {isa = PBXBuildFile; fileRef = 62DBE4652DA6D3B30084DFBC /* GameModel.swift */; };
		62DBE46E2DA6D3B30084DFBC /* ModelContainer.swift in Sources */ = {isa = PBXBuildFile; fileRef = 62DBE4622DA6D3B30084DFBC /* ModelContainer.swift */; };
		62DBE46F2DA6D3B30084DFBC /* GameComparator.swift in Sources */ = {isa = PBXBuildFile; fileRef = 62DBE45F2DA6D3B30084DFBC /* GameComparator.swift */; };
		62DBE4702DA6D3B30084DFBC /* ModelContext.swift in Sources */ = {isa = PBXBuildFile; fileRef = 62DBE4632DA6D3B30084DFBC /* ModelContext.swift */; };
		62DBE4712DA6D3B30084DFBC /* Item.swift in Sources */ = {isa = PBXBuildFile; fileRef = 62DBE4662DA6D3B30084DFBC /* Item.swift */; };
		62DBE4722DA6D3B30084DFBC /* Str.swift in Sources */ = {isa = PBXBuildFile; fileRef = 62DBE4602DA6D3B30084DFBC /* Str.swift */; };
/* End PBXBuildFile section */

/* Begin PBXFileReference section */
		6299275A2DA8253700A070CF /* Date.swift */ = {isa = PBXFileReference; lastKnownFileType = sourcecode.swift; path = Date.swift; sourceTree = "<group>"; };
		6299275B2DA8253700A070CF /* String.swift */ = {isa = PBXFileReference; lastKnownFileType = sourcecode.swift; path = String.swift; sourceTree = "<group>"; };
		6299275C2DA8253700A070CF /* UIImage.swift */ = {isa = PBXFileReference; lastKnownFileType = sourcecode.swift; path = UIImage.swift; sourceTree = "<group>"; };
		629927612DA8254400A070CF /* Array.swift */ = {isa = PBXFileReference; lastKnownFileType = sourcecode.swift; path = Array.swift; sourceTree = "<group>"; };
		629927632DA8271400A070CF /* Set.swift */ = {isa = PBXFileReference; lastKnownFileType = sourcecode.swift; path = Set.swift; sourceTree = "<group>"; };
		62B4CB452DA6E3440066B404 /* GamePredicate.swift */ = {isa = PBXFileReference; lastKnownFileType = sourcecode.swift; path = GamePredicate.swift; sourceTree = "<group>"; };
		62B4CB472DA6E4200066B404 /* FetchDescriptor.swift */ = {isa = PBXFileReference; lastKnownFileType = sourcecode.swift; path = FetchDescriptor.swift; sourceTree = "<group>"; };
		62D627AC2DA6D0FD001F524D /* autosave_ios.app */ = {isa = PBXFileReference; explicitFileType = wrapper.application; includeInIndex = 0; path = autosave_ios.app; sourceTree = BUILT_PRODUCTS_DIR; };
		62DBE4592DA6D3B30084DFBC /* GameBuilder.swift */ = {isa = PBXFileReference; lastKnownFileType = sourcecode.swift; path = GameBuilder.swift; sourceTree = "<group>"; };
		62DBE45F2DA6D3B30084DFBC /* GameComparator.swift */ = {isa = PBXFileReference; lastKnownFileType = sourcecode.swift; path = GameComparator.swift; sourceTree = "<group>"; };
		62DBE4602DA6D3B30084DFBC /* Str.swift */ = {isa = PBXFileReference; lastKnownFileType = sourcecode.swift; path = Str.swift; sourceTree = "<group>"; };
		62DBE4622DA6D3B30084DFBC /* ModelContainer.swift */ = {isa = PBXFileReference; lastKnownFileType = sourcecode.swift; path = ModelContainer.swift; sourceTree = "<group>"; };
		62DBE4632DA6D3B30084DFBC /* ModelContext.swift */ = {isa = PBXFileReference; lastKnownFileType = sourcecode.swift; path = ModelContext.swift; sourceTree = "<group>"; };
		62DBE4652DA6D3B30084DFBC /* GameModel.swift */ = {isa = PBXFileReference; lastKnownFileType = sourcecode.swift; path = GameModel.swift; sourceTree = "<group>"; };
		62DBE4662DA6D3B30084DFBC /* Item.swift */ = {isa = PBXFileReference; lastKnownFileType = sourcecode.swift; path = Item.swift; sourceTree = "<group>"; };
/* End PBXFileReference section */

/* Begin PBXFileSystemSynchronizedRootGroup section */
		62D627AE2DA6D0FD001F524D /* autosave_ios */ = {
			isa = PBXFileSystemSynchronizedRootGroup;
			path = autosave_ios;
			sourceTree = "<group>";
		};
/* End PBXFileSystemSynchronizedRootGroup section */

/* Begin PBXFrameworksBuildPhase section */
		62D627A92DA6D0FD001F524D /* Frameworks */ = {
			isa = PBXFrameworksBuildPhase;
			buildActionMask = 2147483647;
			files = (
			);
			runOnlyForDeploymentPostprocessing = 0;
		};
/* End PBXFrameworksBuildPhase section */

/* Begin PBXGroup section */
		6299275D2DA8253700A070CF /* Extension */ = {
			isa = PBXGroup;
			children = (
				6299275A2DA8253700A070CF /* Date.swift */,
				6299275B2DA8253700A070CF /* String.swift */,
				6299275C2DA8253700A070CF /* UIImage.swift */,
				629927612DA8254400A070CF /* Array.swift */,
				629927632DA8271400A070CF /* Set.swift */,
			);
			path = Extension;
			sourceTree = "<group>";
		};
		62B4CB442DA6E31A0066B404 /* Predicate */ = {
			isa = PBXGroup;
			children = (
				62B4CB452DA6E3440066B404 /* GamePredicate.swift */,
			);
			path = Predicate;
			sourceTree = "<group>";
		};
		62D627A32DA6D0FD001F524D = {
			isa = PBXGroup;
			children = (
				6299275D2DA8253700A070CF /* Extension */,
				62DBE45A2DA6D3B30084DFBC /* Class */,
				62DBE4612DA6D3B30084DFBC /* Struct */,
				62DBE4682DA6D3B30084DFBC /* SwiftData */,
				62D627AE2DA6D0FD001F524D /* autosave_ios */,
				62D627AD2DA6D0FD001F524D /* Products */,
			);
			sourceTree = "<group>";
		};
		62D627AD2DA6D0FD001F524D /* Products */ = {
			isa = PBXGroup;
			children = (
				62D627AC2DA6D0FD001F524D /* autosave_ios.app */,
			);
			name = Products;
			sourceTree = "<group>";
		};
		62DBE45A2DA6D3B30084DFBC /* Class */ = {
			isa = PBXGroup;
			children = (
				62DBE4592DA6D3B30084DFBC /* GameBuilder.swift */,
			);
			path = Class;
			sourceTree = "<group>";
		};
		62DBE4612DA6D3B30084DFBC /* Struct */ = {
			isa = PBXGroup;
			children = (
				62DBE45F2DA6D3B30084DFBC /* GameComparator.swift */,
				62DBE4602DA6D3B30084DFBC /* Str.swift */,
			);
			path = Struct;
			sourceTree = "<group>";
		};
		62DBE4642DA6D3B30084DFBC /* Extension */ = {
			isa = PBXGroup;
			children = (
				62DBE4622DA6D3B30084DFBC /* ModelContainer.swift */,
				62DBE4632DA6D3B30084DFBC /* ModelContext.swift */,
				62B4CB472DA6E4200066B404 /* FetchDescriptor.swift */,
			);
			path = Extension;
			sourceTree = "<group>";
		};
		62DBE4672DA6D3B30084DFBC /* Model */ = {
			isa = PBXGroup;
			children = (
				62DBE4652DA6D3B30084DFBC /* GameModel.swift */,
				62DBE4662DA6D3B30084DFBC /* Item.swift */,
			);
			path = Model;
			sourceTree = "<group>";
		};
		62DBE4682DA6D3B30084DFBC /* SwiftData */ = {
			isa = PBXGroup;
			children = (
				62B4CB442DA6E31A0066B404 /* Predicate */,
				62DBE4642DA6D3B30084DFBC /* Extension */,
				62DBE4672DA6D3B30084DFBC /* Model */,
			);
			path = SwiftData;
			sourceTree = "<group>";
		};
/* End PBXGroup section */

/* Begin PBXNativeTarget section */
		62D627AB2DA6D0FD001F524D /* autosave_ios */ = {
			isa = PBXNativeTarget;
			buildConfigurationList = 62D627BD2DA6D0FE001F524D /* Build configuration list for PBXNativeTarget "autosave_ios" */;
			buildPhases = (
				62D627A82DA6D0FD001F524D /* Sources */,
				62D627A92DA6D0FD001F524D /* Frameworks */,
				62D627AA2DA6D0FD001F524D /* Resources */,
			);
			buildRules = (
			);
			dependencies = (
			);
			fileSystemSynchronizedGroups = (
				62D627AE2DA6D0FD001F524D /* autosave_ios */,
			);
			name = autosave_ios;
			packageProductDependencies = (
			);
			productName = autosave_ios;
			productReference = 62D627AC2DA6D0FD001F524D /* autosave_ios.app */;
			productType = "com.apple.product-type.application";
		};
/* End PBXNativeTarget section */

/* Begin PBXProject section */
		62D627A42DA6D0FD001F524D /* Project object */ = {
			isa = PBXProject;
			attributes = {
				BuildIndependentTargetsInParallel = 1;
				LastSwiftUpdateCheck = 1620;
				LastUpgradeCheck = 1630;
				TargetAttributes = {
					62D627AB2DA6D0FD001F524D = {
						CreatedOnToolsVersion = 16.2;
					};
				};
			};
			buildConfigurationList = 62D627A72DA6D0FD001F524D /* Build configuration list for PBXProject "autosave_ios" */;
			developmentRegion = en;
			hasScannedForEncodings = 0;
			knownRegions = (
				en,
				Base,
			);
			mainGroup = 62D627A32DA6D0FD001F524D;
			minimizedProjectReferenceProxies = 1;
			preferredProjectObjectVersion = 77;
			productRefGroup = 62D627AD2DA6D0FD001F524D /* Products */;
			projectDirPath = "";
			projectRoot = "";
			targets = (
				62D627AB2DA6D0FD001F524D /* autosave_ios */,
			);
		};
/* End PBXProject section */

/* Begin PBXResourcesBuildPhase section */
		62D627AA2DA6D0FD001F524D /* Resources */ = {
			isa = PBXResourcesBuildPhase;
			buildActionMask = 2147483647;
			files = (
			);
			runOnlyForDeploymentPostprocessing = 0;
		};
/* End PBXResourcesBuildPhase section */

/* Begin PBXSourcesBuildPhase section */
		62D627A82DA6D0FD001F524D /* Sources */ = {
			isa = PBXSourcesBuildPhase;
			buildActionMask = 2147483647;
			files = (
				629927642DA8271400A070CF /* Set.swift in Sources */,
				62DBE4692DA6D3B30084DFBC /* GameBuilder.swift in Sources */,
				62B4CB482DA6E4200066B404 /* FetchDescriptor.swift in Sources */,
				62DBE46D2DA6D3B30084DFBC /* GameModel.swift in Sources */,
				62DBE46E2DA6D3B30084DFBC /* ModelContainer.swift in Sources */,
				62DBE46F2DA6D3B30084DFBC /* GameComparator.swift in Sources */,
				62B4CB462DA6E3440066B404 /* GamePredicate.swift in Sources */,
				62DBE4702DA6D3B30084DFBC /* ModelContext.swift in Sources */,
				62DBE4712DA6D3B30084DFBC /* Item.swift in Sources */,
				62DBE4722DA6D3B30084DFBC /* Str.swift in Sources */,
				629927622DA8254400A070CF /* Array.swift in Sources */,
				6299275E2DA8253700A070CF /* Date.swift in Sources */,
				6299275F2DA8253700A070CF /* String.swift in Sources */,
				629927602DA8253700A070CF /* UIImage.swift in Sources */,
			);
			runOnlyForDeploymentPostprocessing = 0;
		};
/* End PBXSourcesBuildPhase section */

/* Begin XCBuildConfiguration section */
		62D627BB2DA6D0FE001F524D /* Debug */ = {
			isa = XCBuildConfiguration;
			buildSettings = {
				ALWAYS_SEARCH_USER_PATHS = NO;
				ASSETCATALOG_COMPILER_GENERATE_SWIFT_ASSET_SYMBOL_EXTENSIONS = YES;
				CLANG_ANALYZER_NONNULL = YES;
				CLANG_ANALYZER_NUMBER_OBJECT_CONVERSION = YES_AGGRESSIVE;
				CLANG_CXX_LANGUAGE_STANDARD = "gnu++20";
				CLANG_ENABLE_MODULES = YES;
				CLANG_ENABLE_OBJC_ARC = YES;
				CLANG_ENABLE_OBJC_WEAK = YES;
				CLANG_WARN_BLOCK_CAPTURE_AUTORELEASING = YES;
				CLANG_WARN_BOOL_CONVERSION = YES;
				CLANG_WARN_COMMA = YES;
				CLANG_WARN_CONSTANT_CONVERSION = YES;
				CLANG_WARN_DEPRECATED_OBJC_IMPLEMENTATIONS = YES;
				CLANG_WARN_DIRECT_OBJC_ISA_USAGE = YES_ERROR;
				CLANG_WARN_DOCUMENTATION_COMMENTS = YES;
				CLANG_WARN_EMPTY_BODY = YES;
				CLANG_WARN_ENUM_CONVERSION = YES;
				CLANG_WARN_INFINITE_RECURSION = YES;
				CLANG_WARN_INT_CONVERSION = YES;
				CLANG_WARN_NON_LITERAL_NULL_CONVERSION = YES;
				CLANG_WARN_OBJC_IMPLICIT_RETAIN_SELF = YES;
				CLANG_WARN_OBJC_LITERAL_CONVERSION = YES;
				CLANG_WARN_OBJC_ROOT_CLASS = YES_ERROR;
				CLANG_WARN_QUOTED_INCLUDE_IN_FRAMEWORK_HEADER = YES;
				CLANG_WARN_RANGE_LOOP_ANALYSIS = YES;
				CLANG_WARN_STRICT_PROTOTYPES = YES;
				CLANG_WARN_SUSPICIOUS_MOVE = YES;
				CLANG_WARN_UNGUARDED_AVAILABILITY = YES_AGGRESSIVE;
				CLANG_WARN_UNREACHABLE_CODE = YES;
				CLANG_WARN__DUPLICATE_METHOD_MATCH = YES;
				COPY_PHASE_STRIP = NO;
				DEAD_CODE_STRIPPING = YES;
				DEBUG_INFORMATION_FORMAT = dwarf;
				DEVELOPMENT_TEAM = 6H7NA9X6MX;
				ENABLE_STRICT_OBJC_MSGSEND = YES;
				ENABLE_TESTABILITY = YES;
				ENABLE_USER_SCRIPT_SANDBOXING = YES;
				GCC_C_LANGUAGE_STANDARD = gnu17;
				GCC_DYNAMIC_NO_PIC = NO;
				GCC_NO_COMMON_BLOCKS = YES;
				GCC_OPTIMIZATION_LEVEL = 0;
				GCC_PREPROCESSOR_DEFINITIONS = (
					"DEBUG=1",
					"$(inherited)",
				);
				GCC_WARN_64_TO_32_BIT_CONVERSION = YES;
				GCC_WARN_ABOUT_RETURN_TYPE = YES_ERROR;
				GCC_WARN_UNDECLARED_SELECTOR = YES;
				GCC_WARN_UNINITIALIZED_AUTOS = YES_AGGRESSIVE;
				GCC_WARN_UNUSED_FUNCTION = YES;
				GCC_WARN_UNUSED_VARIABLE = YES;
				LOCALIZATION_PREFERS_STRING_CATALOGS = YES;
				MTL_ENABLE_DEBUG_INFO = INCLUDE_SOURCE;
				MTL_FAST_MATH = YES;
				ONLY_ACTIVE_ARCH = YES;
				SWIFT_ACTIVE_COMPILATION_CONDITIONS = "DEBUG $(inherited)";
				SWIFT_OPTIMIZATION_LEVEL = "-Onone";
			};
			name = Debug;
		};
		62D627BC2DA6D0FE001F524D /* Release */ = {
			isa = XCBuildConfiguration;
			buildSettings = {
				ALWAYS_SEARCH_USER_PATHS = NO;
				ASSETCATALOG_COMPILER_GENERATE_SWIFT_ASSET_SYMBOL_EXTENSIONS = YES;
				CLANG_ANALYZER_NONNULL = YES;
				CLANG_ANALYZER_NUMBER_OBJECT_CONVERSION = YES_AGGRESSIVE;
				CLANG_CXX_LANGUAGE_STANDARD = "gnu++20";
				CLANG_ENABLE_MODULES = YES;
				CLANG_ENABLE_OBJC_ARC = YES;
				CLANG_ENABLE_OBJC_WEAK = YES;
				CLANG_WARN_BLOCK_CAPTURE_AUTORELEASING = YES;
				CLANG_WARN_BOOL_CONVERSION = YES;
				CLANG_WARN_COMMA = YES;
				CLANG_WARN_CONSTANT_CONVERSION = YES;
				CLANG_WARN_DEPRECATED_OBJC_IMPLEMENTATIONS = YES;
				CLANG_WARN_DIRECT_OBJC_ISA_USAGE = YES_ERROR;
				CLANG_WARN_DOCUMENTATION_COMMENTS = YES;
				CLANG_WARN_EMPTY_BODY = YES;
				CLANG_WARN_ENUM_CONVERSION = YES;
				CLANG_WARN_INFINITE_RECURSION = YES;
				CLANG_WARN_INT_CONVERSION = YES;
				CLANG_WARN_NON_LITERAL_NULL_CONVERSION = YES;
				CLANG_WARN_OBJC_IMPLICIT_RETAIN_SELF = YES;
				CLANG_WARN_OBJC_LITERAL_CONVERSION = YES;
				CLANG_WARN_OBJC_ROOT_CLASS = YES_ERROR;
				CLANG_WARN_QUOTED_INCLUDE_IN_FRAMEWORK_HEADER = YES;
				CLANG_WARN_RANGE_LOOP_ANALYSIS = YES;
				CLANG_WARN_STRICT_PROTOTYPES = YES;
				CLANG_WARN_SUSPICIOUS_MOVE = YES;
				CLANG_WARN_UNGUARDED_AVAILABILITY = YES_AGGRESSIVE;
				CLANG_WARN_UNREACHABLE_CODE = YES;
				CLANG_WARN__DUPLICATE_METHOD_MATCH = YES;
				COPY_PHASE_STRIP = NO;
				DEAD_CODE_STRIPPING = YES;
				DEBUG_INFORMATION_FORMAT = "dwarf-with-dsym";
				DEVELOPMENT_TEAM = 6H7NA9X6MX;
				ENABLE_NS_ASSERTIONS = NO;
				ENABLE_STRICT_OBJC_MSGSEND = YES;
				ENABLE_USER_SCRIPT_SANDBOXING = YES;
				GCC_C_LANGUAGE_STANDARD = gnu17;
				GCC_NO_COMMON_BLOCKS = YES;
				GCC_WARN_64_TO_32_BIT_CONVERSION = YES;
				GCC_WARN_ABOUT_RETURN_TYPE = YES_ERROR;
				GCC_WARN_UNDECLARED_SELECTOR = YES;
				GCC_WARN_UNINITIALIZED_AUTOS = YES_AGGRESSIVE;
				GCC_WARN_UNUSED_FUNCTION = YES;
				GCC_WARN_UNUSED_VARIABLE = YES;
				LOCALIZATION_PREFERS_STRING_CATALOGS = YES;
				MTL_ENABLE_DEBUG_INFO = NO;
				MTL_FAST_MATH = YES;
				SWIFT_COMPILATION_MODE = wholemodule;
			};
			name = Release;
		};
		62D627BE2DA6D0FE001F524D /* Debug */ = {
			isa = XCBuildConfiguration;
			buildSettings = {
				ASSETCATALOG_COMPILER_APPICON_NAME = AppIcon;
				ASSETCATALOG_COMPILER_GLOBAL_ACCENT_COLOR_NAME = AccentColor;
				CODE_SIGN_ENTITLEMENTS = autosave_ios/autosave_ios.entitlements;
				CODE_SIGN_STYLE = Automatic;
				CURRENT_PROJECT_VERSION = 1;
				DEAD_CODE_STRIPPING = YES;
				DEVELOPMENT_ASSET_PATHS = "\"autosave_ios/Preview Content\"";
				ENABLE_HARDENED_RUNTIME = YES;
				ENABLE_PREVIEWS = YES;
				GENERATE_INFOPLIST_FILE = YES;
				"INFOPLIST_KEY_UIApplicationSceneManifest_Generation[sdk=iphoneos*]" = YES;
				"INFOPLIST_KEY_UIApplicationSceneManifest_Generation[sdk=iphonesimulator*]" = YES;
				"INFOPLIST_KEY_UIApplicationSupportsIndirectInputEvents[sdk=iphoneos*]" = YES;
				"INFOPLIST_KEY_UIApplicationSupportsIndirectInputEvents[sdk=iphonesimulator*]" = YES;
				"INFOPLIST_KEY_UILaunchScreen_Generation[sdk=iphoneos*]" = YES;
				"INFOPLIST_KEY_UILaunchScreen_Generation[sdk=iphonesimulator*]" = YES;
				"INFOPLIST_KEY_UIStatusBarStyle[sdk=iphoneos*]" = UIStatusBarStyleDefault;
				"INFOPLIST_KEY_UIStatusBarStyle[sdk=iphonesimulator*]" = UIStatusBarStyleDefault;
				INFOPLIST_KEY_UISupportedInterfaceOrientations = UIInterfaceOrientationPortrait;
				IPHONEOS_DEPLOYMENT_TARGET = 18.2;
				LD_RUNPATH_SEARCH_PATHS = "@executable_path/Frameworks";
				"LD_RUNPATH_SEARCH_PATHS[sdk=macosx*]" = "@executable_path/../Frameworks";
				MACOSX_DEPLOYMENT_TARGET = 14.0;
				MARKETING_VERSION = 1.0;
				PRODUCT_BUNDLE_IDENTIFIER = "asia.apps.autosave-ios";
				PRODUCT_NAME = "$(TARGET_NAME)";
				SDKROOT = auto;
				SUPPORTED_PLATFORMS = "iphoneos iphonesimulator macosx xros xrsimulator";
				SWIFT_EMIT_LOC_STRINGS = YES;
				SWIFT_VERSION = 5.0;
				TARGETED_DEVICE_FAMILY = "1,2,7";
				XROS_DEPLOYMENT_TARGET = 2.2;
			};
			name = Debug;
		};
		62D627BF2DA6D0FE001F524D /* Release */ = {
			isa = XCBuildConfiguration;
			buildSettings = {
				ASSETCATALOG_COMPILER_APPICON_NAME = AppIcon;
				ASSETCATALOG_COMPILER_GLOBAL_ACCENT_COLOR_NAME = AccentColor;
				CODE_SIGN_ENTITLEMENTS = autosave_ios/autosave_ios.entitlements;
				CODE_SIGN_STYLE = Automatic;
				CURRENT_PROJECT_VERSION = 1;
				DEAD_CODE_STRIPPING = YES;
				DEVELOPMENT_ASSET_PATHS = "\"autosave_ios/Preview Content\"";
				ENABLE_HARDENED_RUNTIME = YES;
				ENABLE_PREVIEWS = YES;
				GENERATE_INFOPLIST_FILE = YES;
				"INFOPLIST_KEY_UIApplicationSceneManifest_Generation[sdk=iphoneos*]" = YES;
				"INFOPLIST_KEY_UIApplicationSceneManifest_Generation[sdk=iphonesimulator*]" = YES;
				"INFOPLIST_KEY_UIApplicationSupportsIndirectInputEvents[sdk=iphoneos*]" = YES;
				"INFOPLIST_KEY_UIApplicationSupportsIndirectInputEvents[sdk=iphonesimulator*]" = YES;
				"INFOPLIST_KEY_UILaunchScreen_Generation[sdk=iphoneos*]" = YES;
				"INFOPLIST_KEY_UILaunchScreen_Generation[sdk=iphonesimulator*]" = YES;
				"INFOPLIST_KEY_UIStatusBarStyle[sdk=iphoneos*]" = UIStatusBarStyleDefault;
				"INFOPLIST_KEY_UIStatusBarStyle[sdk=iphonesimulator*]" = UIStatusBarStyleDefault;
				INFOPLIST_KEY_UISupportedInterfaceOrientations = UIInterfaceOrientationPortrait;
				IPHONEOS_DEPLOYMENT_TARGET = 18.2;
				LD_RUNPATH_SEARCH_PATHS = "@executable_path/Frameworks";
				"LD_RUNPATH_SEARCH_PATHS[sdk=macosx*]" = "@executable_path/../Frameworks";
				MACOSX_DEPLOYMENT_TARGET = 14.0;
				MARKETING_VERSION = 1.0;
				PRODUCT_BUNDLE_IDENTIFIER = "asia.apps.autosave-ios";
				PRODUCT_NAME = "$(TARGET_NAME)";
				SDKROOT = auto;
				SUPPORTED_PLATFORMS = "iphoneos iphonesimulator macosx xros xrsimulator";
				SWIFT_EMIT_LOC_STRINGS = YES;
				SWIFT_VERSION = 5.0;
				TARGETED_DEVICE_FAMILY = "1,2,7";
				XROS_DEPLOYMENT_TARGET = 2.2;
			};
			name = Release;
		};
/* End XCBuildConfiguration section */

/* Begin XCConfigurationList section */
		62D627A72DA6D0FD001F524D /* Build configuration list for PBXProject "autosave_ios" */ = {
			isa = XCConfigurationList;
			buildConfigurations = (
				62D627BB2DA6D0FE001F524D /* Debug */,
				62D627BC2DA6D0FE001F524D /* Release */,
			);
			defaultConfigurationIsVisible = 0;
			defaultConfigurationName = Release;
		};
		62D627BD2DA6D0FE001F524D /* Build configuration list for PBXNativeTarget "autosave_ios" */ = {
			isa = XCConfigurationList;
			buildConfigurations = (
				62D627BE2DA6D0FE001F524D /* Debug */,
				62D627BF2DA6D0FE001F524D /* Release */,
			);
			defaultConfigurationIsVisible = 0;
			defaultConfigurationName = Release;
		};
/* End XCConfigurationList section */
	};
	rootObject = 62D627A42DA6D0FD001F524D /* Project object */;
}
