// !$*UTF8*$!
{
	archiveVersion = 1;
	classes = {
	};
	objectVersion = 77;
	objects = {

/* Begin PBXBuildFile section */
		1E93B0C92DBC3A0D008AD001 /* Displayable.swift in Sources */ = {isa = PBXBuildFile; fileRef = 1E93B0C82DBC3A0D008AD001 /* Displayable.swift */; };
		1E93B0CB2DBC584A008AD001 /* PlatformBuilder.swift in Sources */ = {isa = PBXBuildFile; fileRef = 1E93B0CA2DBC584A008AD001 /* PlatformBuilder.swift */; };
		1E93B0F92DBD524E008AD001 /* DigitalEnum.swift in Sources */ = {isa = PBXBuildFile; fileRef = 1E93B0E92DBD524E008AD001 /* DigitalEnum.swift */; };
		1E93B0FA2DBD524E008AD001 /* FormatEnum.swift in Sources */ = {isa = PBXBuildFile; fileRef = 1E93B0EA2DBD524E008AD001 /* FormatEnum.swift */; };
		1E93B0FB2DBD524E008AD001 /* PhysicalEnum.swift in Sources */ = {isa = PBXBuildFile; fileRef = 1E93B0EB2DBD524E008AD001 /* PhysicalEnum.swift */; };
		1E93B0FC2DBD524E008AD001 /* NintendoEnum.swift in Sources */ = {isa = PBXBuildFile; fileRef = 1E93B0ED2DBD524E008AD001 /* NintendoEnum.swift */; };
		1E93B0FD2DBD524E008AD001 /* OSEnum.swift in Sources */ = {isa = PBXBuildFile; fileRef = 1E93B0EE2DBD524E008AD001 /* OSEnum.swift */; };
		1E93B0FE2DBD524E008AD001 /* PlayStationEnum.swift in Sources */ = {isa = PBXBuildFile; fileRef = 1E93B0EF2DBD524E008AD001 /* PlayStationEnum.swift */; };
		1E93B0FF2DBD524E008AD001 /* SystemEnum.swift in Sources */ = {isa = PBXBuildFile; fileRef = 1E93B0F02DBD524E008AD001 /* SystemEnum.swift */; };
		1E93B1002DBD524E008AD001 /* XboxEnum.swift in Sources */ = {isa = PBXBuildFile; fileRef = 1E93B0F12DBD524E008AD001 /* XboxEnum.swift */; };
		1E93B1012DBD524E008AD001 /* PlatformEnum.swift in Sources */ = {isa = PBXBuildFile; fileRef = 1E93B0F32DBD524E008AD001 /* PlatformEnum.swift */; };
		1E93B1022DBD524E008AD001 /* ModeEnum.swift in Sources */ = {isa = PBXBuildFile; fileRef = 1E93B0F52DBD524E008AD001 /* ModeEnum.swift */; };
		1E93B1032DBD524E008AD001 /* PropertyEnum.swift in Sources */ = {isa = PBXBuildFile; fileRef = 1E93B0F62DBD524E008AD001 /* PropertyEnum.swift */; };
		1E93B1052DBD5266008AD001 /* InputEnum.swift in Sources */ = {isa = PBXBuildFile; fileRef = 1E93B1042DBD5266008AD001 /* InputEnum.swift */; };
		1E93B1072DBD5721008AD001 /* InputSnapshot.swift in Sources */ = {isa = PBXBuildFile; fileRef = 1E93B1062DBD5721008AD001 /* InputSnapshot.swift */; };
		1E93B1092DBD5FC8008AD001 /* ModeSnapshot.swift in Sources */ = {isa = PBXBuildFile; fileRef = 1E93B1082DBD5FC8008AD001 /* ModeSnapshot.swift */; };
		1E93B10B2DBD6303008AD001 /* ModelEnum.swift in Sources */ = {isa = PBXBuildFile; fileRef = 1E93B10A2DBD6303008AD001 /* ModelEnum.swift */; };
		1E93B10D2DBD8806008AD001 /* UUID.swift in Sources */ = {isa = PBXBuildFile; fileRef = 1E93B10C2DBD8806008AD001 /* UUID.swift */; };
		1E93B10F2DBDA91F008AD001 /* PropertyGrouping.swift in Sources */ = {isa = PBXBuildFile; fileRef = 1E93B10E2DBDA91F008AD001 /* PropertyGrouping.swift */; };
		1E93B1112DBEDA66008AD001 /* ValueBuilder.swift in Sources */ = {isa = PBXBuildFile; fileRef = 1E93B1102DBEDA66008AD001 /* ValueBuilder.swift */; };
		1EB3D5912DB5757900FB4B16 /* LinkModel.swift in Sources */ = {isa = PBXBuildFile; fileRef = 1EB3D5902DB5757900FB4B16 /* LinkModel.swift */; };
		1EB3D5972DB6BD3C00FB4B16 /* SystemProtocol.swift in Sources */ = {isa = PBXBuildFile; fileRef = 1EB3D5962DB6BD3C00FB4B16 /* SystemProtocol.swift */; };
		1EB3D59C2DB6BECA00FB4B16 /* FormatProtocol.swift in Sources */ = {isa = PBXBuildFile; fileRef = 1EB3D59B2DB6BECA00FB4B16 /* FormatProtocol.swift */; };
		1EB3D59E2DB6C6C600FB4B16 /* FormatBuilder.swift in Sources */ = {isa = PBXBuildFile; fileRef = 1EB3D59D2DB6C6C600FB4B16 /* FormatBuilder.swift */; };
		1EB3D5A02DB6C7B800FB4B16 /* SystemBuilder.swift in Sources */ = {isa = PBXBuildFile; fileRef = 1EB3D59F2DB6C7B800FB4B16 /* SystemBuilder.swift */; };
		1EB3D5A42DB6F46C00FB4B16 /* PlatformSnapshot.swift in Sources */ = {isa = PBXBuildFile; fileRef = 1EB3D5A32DB6F46C00FB4B16 /* PlatformSnapshot.swift */; };
		1EB3D5A62DB6F47400FB4B16 /* SystemSnapshot.swift in Sources */ = {isa = PBXBuildFile; fileRef = 1EB3D5A52DB6F47400FB4B16 /* SystemSnapshot.swift */; };
		1EB3D5A82DB6F47D00FB4B16 /* FormatSnapshot.swift in Sources */ = {isa = PBXBuildFile; fileRef = 1EB3D5A72DB6F47D00FB4B16 /* FormatSnapshot.swift */; };
		1EB3D5AE2DBAF39B00FB4B16 /* GameSnapshot.swift in Sources */ = {isa = PBXBuildFile; fileRef = 1EB3D5AD2DBAF39B00FB4B16 /* GameSnapshot.swift */; };
		1EE1AD9D2DB40AC200AD714E /* GameStatusEnum.swift in Sources */ = {isa = PBXBuildFile; fileRef = 1EE1AD752DB40AC200AD714E /* GameStatusEnum.swift */; };
		1EE1AD9E2DB40AC200AD714E /* GamesListView.swift in Sources */ = {isa = PBXBuildFile; fileRef = 1EE1AD9A2DB40AC200AD714E /* GamesListView.swift */; };
		1EE1AD9F2DB40AC200AD714E /* GameImageView.swift in Sources */ = {isa = PBXBuildFile; fileRef = 1EE1AD992DB40AC200AD714E /* GameImageView.swift */; };
		1EE1ADA02DB40AC200AD714E /* GameModel.swift in Sources */ = {isa = PBXBuildFile; fileRef = 1EE1AD702DB40AC200AD714E /* GameModel.swift */; };
		1EE1ADA12DB40AC200AD714E /* GameView.swift in Sources */ = {isa = PBXBuildFile; fileRef = 1EE1AD9B2DB40AC200AD714E /* GameView.swift */; };
		1EE1ADA22DB40AC200AD714E /* GamesListViewProtocol.swift in Sources */ = {isa = PBXBuildFile; fileRef = 1EE1AD892DB40AC200AD714E /* GamesListViewProtocol.swift */; };
		1EE1ADA32DB40AC200AD714E /* IconEnum.swift in Sources */ = {isa = PBXBuildFile; fileRef = 1EE1AD762DB40AC200AD714E /* IconEnum.swift */; };
		1EE1ADA42DB40AC200AD714E /* GameBuilder.swift in Sources */ = {isa = PBXBuildFile; fileRef = 1EE1AD6F2DB40AC200AD714E /* GameBuilder.swift */; };
		1EE1ADA52DB40AC200AD714E /* AlertEnum.swift in Sources */ = {isa = PBXBuildFile; fileRef = 1EE1AD722DB40AC200AD714E /* AlertEnum.swift */; };
		1EE1ADA62DB40AC200AD714E /* IconView.swift in Sources */ = {isa = PBXBuildFile; fileRef = 1EE1AD952DB40AC200AD714E /* IconView.swift */; };
		1EE1ADA72DB40AC200AD714E /* SortOrder.swift in Sources */ = {isa = PBXBuildFile; fileRef = 1EE1AD832DB40AC200AD714E /* SortOrder.swift */; };
		1EE1ADA82DB40AC200AD714E /* ContentView.swift in Sources */ = {isa = PBXBuildFile; fileRef = 1EE1AD982DB40AC200AD714E /* ContentView.swift */; };
		1EE1ADA92DB40AC200AD714E /* View.swift in Sources */ = {isa = PBXBuildFile; fileRef = 1EE1AD862DB40AC200AD714E /* View.swift */; };
		1EE1ADAA2DB40AC200AD714E /* Predicate.swift in Sources */ = {isa = PBXBuildFile; fileRef = 1EE1AD802DB40AC200AD714E /* Predicate.swift */; };
		1EE1ADAB2DB40AC200AD714E /* ConfigurationViewProtocol.swift in Sources */ = {isa = PBXBuildFile; fileRef = 1EE1AD882DB40AC200AD714E /* ConfigurationViewProtocol.swift */; };
		1EE1ADAC2DB40AC200AD714E /* TextFieldView.swift in Sources */ = {isa = PBXBuildFile; fileRef = 1EE1AD962DB40AC200AD714E /* TextFieldView.swift */; };
		1EE1ADAD2DB40AC200AD714E /* SortDescriptor.swift in Sources */ = {isa = PBXBuildFile; fileRef = 1EE1AD822DB40AC200AD714E /* SortDescriptor.swift */; };
		1EE1ADAE2DB40AC200AD714E /* Defaultable.swift in Sources */ = {isa = PBXBuildFile; fileRef = 1EE1AD8C2DB40AC200AD714E /* Defaultable.swift */; };
		1EE1ADAF2DB40AC200AD714E /* Snapshot.swift in Sources */ = {isa = PBXBuildFile; fileRef = 1EE1AD922DB40AC200AD714E /* Snapshot.swift */; };
		1EE1ADB02DB40AC200AD714E /* MenuEnum.swift in Sources */ = {isa = PBXBuildFile; fileRef = 1EE1AD772DB40AC200AD714E /* MenuEnum.swift */; };
		1EE1ADB12DB40AC200AD714E /* GameSortEnum.swift in Sources */ = {isa = PBXBuildFile; fileRef = 1EE1AD742DB40AC200AD714E /* GameSortEnum.swift */; };
		1EE1ADB22DB40AC200AD714E /* HideModifier.swift in Sources */ = {isa = PBXBuildFile; fileRef = 1EE1AD932DB40AC200AD714E /* HideModifier.swift */; };
		1EE1ADB32DB40AC200AD714E /* EditMode.swift in Sources */ = {isa = PBXBuildFile; fileRef = 1EE1AD7B2DB40AC200AD714E /* EditMode.swift */; };
		1EE1ADB42DB40AC200AD714E /* ModelContainer.swift in Sources */ = {isa = PBXBuildFile; fileRef = 1EE1AD7E2DB40AC200AD714E /* ModelContainer.swift */; };
		1EE1ADB52DB40AC200AD714E /* GameViewProtocol.swift in Sources */ = {isa = PBXBuildFile; fileRef = 1EE1AD8A2DB40AC200AD714E /* GameViewProtocol.swift */; };
		1EE1ADB62DB40AC200AD714E /* ConstantsEnum.swift in Sources */ = {isa = PBXBuildFile; fileRef = 1EE1AD732DB40AC200AD714E /* ConstantsEnum.swift */; };
		1EE1ADB72DB40AC200AD714E /* String.swift in Sources */ = {isa = PBXBuildFile; fileRef = 1EE1AD842DB40AC200AD714E /* String.swift */; };
		1EE1ADB82DB40AC200AD714E /* Configuration.swift in Sources */ = {isa = PBXBuildFile; fileRef = 1EE1AD6E2DB40AC200AD714E /* Configuration.swift */; };
		1EE1ADB92DB40AC200AD714E /* Iterable.swift in Sources */ = {isa = PBXBuildFile; fileRef = 1EE1AD8E2DB40AC200AD714E /* Iterable.swift */; };
		1EE1ADBA2DB40AC200AD714E /* UIImage.swift in Sources */ = {isa = PBXBuildFile; fileRef = 1EE1AD852DB40AC200AD714E /* UIImage.swift */; };
		1EE1ADBB2DB40AC200AD714E /* Date.swift in Sources */ = {isa = PBXBuildFile; fileRef = 1EE1AD7A2DB40AC200AD714E /* Date.swift */; };
		1EE1ADBC2DB40AC200AD714E /* Array.swift in Sources */ = {isa = PBXBuildFile; fileRef = 1EE1AD792DB40AC200AD714E /* Array.swift */; };
		1EE1ADBD2DB40AC200AD714E /* GameResult.swift in Sources */ = {isa = PBXBuildFile; fileRef = 1EE1AD912DB40AC200AD714E /* GameResult.swift */; };
		1EE1ADBE2DB40AC200AD714E /* Set.swift in Sources */ = {isa = PBXBuildFile; fileRef = 1EE1AD812DB40AC200AD714E /* Set.swift */; };
		1EE1ADBF2DB40AC200AD714E /* FetchDescriptor.swift in Sources */ = {isa = PBXBuildFile; fileRef = 1EE1AD7C2DB40AC200AD714E /* FetchDescriptor.swift */; };
		1EE1ADC02DB40AC200AD714E /* ModelContext.swift in Sources */ = {isa = PBXBuildFile; fileRef = 1EE1AD7F2DB40AC200AD714E /* ModelContext.swift */; };
		1EE1ADC12DB40AC200AD714E /* Image.swift in Sources */ = {isa = PBXBuildFile; fileRef = 1EE1AD7D2DB40AC200AD714E /* Image.swift */; };
		1EE1ADC22DB40AC200AD714E /* Enumerable.swift in Sources */ = {isa = PBXBuildFile; fileRef = 1EE1AD8D2DB40AC200AD714E /* Enumerable.swift */; };
		1EE1ADC32DB40AC200AD714E /* Randomizable.swift in Sources */ = {isa = PBXBuildFile; fileRef = 1EE1AD8F2DB40AC200AD714E /* Randomizable.swift */; };
		1EE1ADCB2DB42C5300AD714E /* PropertyModel.swift in Sources */ = {isa = PBXBuildFile; fileRef = 1EE1ADCA2DB42C5300AD714E /* PropertyModel.swift */; };
		1EE1ADD52DB43B3600AD714E /* PropertyBuilder.swift in Sources */ = {isa = PBXBuildFile; fileRef = 1EE1ADD42DB43B3600AD714E /* PropertyBuilder.swift */; };
		1EE1ADD92DB44FAF00AD714E /* PropertySnapshot.swift in Sources */ = {isa = PBXBuildFile; fileRef = 1EE1ADD82DB44FAF00AD714E /* PropertySnapshot.swift */; };
		1EE1ADDC2DB452EE00AD714E /* PropertyProtocol.swift in Sources */ = {isa = PBXBuildFile; fileRef = 1EE1ADDB2DB452EE00AD714E /* PropertyProtocol.swift */; };
		625CBB452DB9388B00C36027 /* Attributes.swift in Sources */ = {isa = PBXBuildFile; fileRef = 625CBB442DB9388B00C36027 /* Attributes.swift */; };
/* End PBXBuildFile section */

/* Begin PBXFileReference section */
		1E93B0C82DBC3A0D008AD001 /* Displayable.swift */ = {isa = PBXFileReference; lastKnownFileType = sourcecode.swift; path = Displayable.swift; sourceTree = "<group>"; };
		1E93B0CA2DBC584A008AD001 /* PlatformBuilder.swift */ = {isa = PBXFileReference; lastKnownFileType = sourcecode.swift; path = PlatformBuilder.swift; sourceTree = "<group>"; };
		1E93B0E92DBD524E008AD001 /* DigitalEnum.swift */ = {isa = PBXFileReference; lastKnownFileType = sourcecode.swift; path = DigitalEnum.swift; sourceTree = "<group>"; };
		1E93B0EA2DBD524E008AD001 /* FormatEnum.swift */ = {isa = PBXFileReference; lastKnownFileType = sourcecode.swift; path = FormatEnum.swift; sourceTree = "<group>"; };
		1E93B0EB2DBD524E008AD001 /* PhysicalEnum.swift */ = {isa = PBXFileReference; lastKnownFileType = sourcecode.swift; path = PhysicalEnum.swift; sourceTree = "<group>"; };
		1E93B0ED2DBD524E008AD001 /* NintendoEnum.swift */ = {isa = PBXFileReference; lastKnownFileType = sourcecode.swift; path = NintendoEnum.swift; sourceTree = "<group>"; };
		1E93B0EE2DBD524E008AD001 /* OSEnum.swift */ = {isa = PBXFileReference; lastKnownFileType = sourcecode.swift; path = OSEnum.swift; sourceTree = "<group>"; };
		1E93B0EF2DBD524E008AD001 /* PlayStationEnum.swift */ = {isa = PBXFileReference; lastKnownFileType = sourcecode.swift; path = PlayStationEnum.swift; sourceTree = "<group>"; };
		1E93B0F02DBD524E008AD001 /* SystemEnum.swift */ = {isa = PBXFileReference; lastKnownFileType = sourcecode.swift; path = SystemEnum.swift; sourceTree = "<group>"; };
		1E93B0F12DBD524E008AD001 /* XboxEnum.swift */ = {isa = PBXFileReference; lastKnownFileType = sourcecode.swift; path = XboxEnum.swift; sourceTree = "<group>"; };
		1E93B0F32DBD524E008AD001 /* PlatformEnum.swift */ = {isa = PBXFileReference; lastKnownFileType = sourcecode.swift; path = PlatformEnum.swift; sourceTree = "<group>"; };
		1E93B0F52DBD524E008AD001 /* ModeEnum.swift */ = {isa = PBXFileReference; lastKnownFileType = sourcecode.swift; path = ModeEnum.swift; sourceTree = "<group>"; };
		1E93B0F62DBD524E008AD001 /* PropertyEnum.swift */ = {isa = PBXFileReference; lastKnownFileType = sourcecode.swift; path = PropertyEnum.swift; sourceTree = "<group>"; };
		1E93B1042DBD5266008AD001 /* InputEnum.swift */ = {isa = PBXFileReference; lastKnownFileType = sourcecode.swift; path = InputEnum.swift; sourceTree = "<group>"; };
		1E93B1062DBD5721008AD001 /* InputSnapshot.swift */ = {isa = PBXFileReference; lastKnownFileType = sourcecode.swift; path = InputSnapshot.swift; sourceTree = "<group>"; };
		1E93B1082DBD5FC8008AD001 /* ModeSnapshot.swift */ = {isa = PBXFileReference; lastKnownFileType = sourcecode.swift; path = ModeSnapshot.swift; sourceTree = "<group>"; };
		1E93B10A2DBD6303008AD001 /* ModelEnum.swift */ = {isa = PBXFileReference; lastKnownFileType = sourcecode.swift; path = ModelEnum.swift; sourceTree = "<group>"; };
		1E93B10C2DBD8806008AD001 /* UUID.swift */ = {isa = PBXFileReference; lastKnownFileType = sourcecode.swift; path = UUID.swift; sourceTree = "<group>"; };
		1E93B10E2DBDA91F008AD001 /* PropertyGrouping.swift */ = {isa = PBXFileReference; lastKnownFileType = sourcecode.swift; path = PropertyGrouping.swift; sourceTree = "<group>"; };
		1E93B1102DBEDA66008AD001 /* ValueBuilder.swift */ = {isa = PBXFileReference; lastKnownFileType = sourcecode.swift; path = ValueBuilder.swift; sourceTree = "<group>"; };
		1EB3D5902DB5757900FB4B16 /* LinkModel.swift */ = {isa = PBXFileReference; lastKnownFileType = sourcecode.swift; path = LinkModel.swift; sourceTree = "<group>"; };
		1EB3D5962DB6BD3C00FB4B16 /* SystemProtocol.swift */ = {isa = PBXFileReference; lastKnownFileType = sourcecode.swift; path = SystemProtocol.swift; sourceTree = "<group>"; };
		1EB3D59B2DB6BECA00FB4B16 /* FormatProtocol.swift */ = {isa = PBXFileReference; lastKnownFileType = sourcecode.swift; path = FormatProtocol.swift; sourceTree = "<group>"; };
		1EB3D59D2DB6C6C600FB4B16 /* FormatBuilder.swift */ = {isa = PBXFileReference; lastKnownFileType = sourcecode.swift; path = FormatBuilder.swift; sourceTree = "<group>"; };
		1EB3D59F2DB6C7B800FB4B16 /* SystemBuilder.swift */ = {isa = PBXFileReference; lastKnownFileType = sourcecode.swift; path = SystemBuilder.swift; sourceTree = "<group>"; };
		1EB3D5A32DB6F46C00FB4B16 /* PlatformSnapshot.swift */ = {isa = PBXFileReference; lastKnownFileType = sourcecode.swift; path = PlatformSnapshot.swift; sourceTree = "<group>"; };
		1EB3D5A52DB6F47400FB4B16 /* SystemSnapshot.swift */ = {isa = PBXFileReference; lastKnownFileType = sourcecode.swift; path = SystemSnapshot.swift; sourceTree = "<group>"; };
		1EB3D5A72DB6F47D00FB4B16 /* FormatSnapshot.swift */ = {isa = PBXFileReference; lastKnownFileType = sourcecode.swift; path = FormatSnapshot.swift; sourceTree = "<group>"; };
		1EB3D5AD2DBAF39B00FB4B16 /* GameSnapshot.swift */ = {isa = PBXFileReference; lastKnownFileType = sourcecode.swift; path = GameSnapshot.swift; sourceTree = "<group>"; };
		1EE1AD5B2DB40A6D00AD714E /* autosave_ios.app */ = {isa = PBXFileReference; explicitFileType = wrapper.application; includeInIndex = 0; path = autosave_ios.app; sourceTree = BUILT_PRODUCTS_DIR; };
		1EE1AD6E2DB40AC200AD714E /* Configuration.swift */ = {isa = PBXFileReference; lastKnownFileType = sourcecode.swift; path = Configuration.swift; sourceTree = "<group>"; };
		1EE1AD6F2DB40AC200AD714E /* GameBuilder.swift */ = {isa = PBXFileReference; lastKnownFileType = sourcecode.swift; path = GameBuilder.swift; sourceTree = "<group>"; };
		1EE1AD702DB40AC200AD714E /* GameModel.swift */ = {isa = PBXFileReference; lastKnownFileType = sourcecode.swift; path = GameModel.swift; sourceTree = "<group>"; };
		1EE1AD722DB40AC200AD714E /* AlertEnum.swift */ = {isa = PBXFileReference; lastKnownFileType = sourcecode.swift; path = AlertEnum.swift; sourceTree = "<group>"; };
		1EE1AD732DB40AC200AD714E /* ConstantsEnum.swift */ = {isa = PBXFileReference; lastKnownFileType = sourcecode.swift; path = ConstantsEnum.swift; sourceTree = "<group>"; };
		1EE1AD742DB40AC200AD714E /* GameSortEnum.swift */ = {isa = PBXFileReference; lastKnownFileType = sourcecode.swift; path = GameSortEnum.swift; sourceTree = "<group>"; };
		1EE1AD752DB40AC200AD714E /* GameStatusEnum.swift */ = {isa = PBXFileReference; lastKnownFileType = sourcecode.swift; path = GameStatusEnum.swift; sourceTree = "<group>"; };
		1EE1AD762DB40AC200AD714E /* IconEnum.swift */ = {isa = PBXFileReference; lastKnownFileType = sourcecode.swift; path = IconEnum.swift; sourceTree = "<group>"; };
		1EE1AD772DB40AC200AD714E /* MenuEnum.swift */ = {isa = PBXFileReference; lastKnownFileType = sourcecode.swift; path = MenuEnum.swift; sourceTree = "<group>"; };
		1EE1AD792DB40AC200AD714E /* Array.swift */ = {isa = PBXFileReference; lastKnownFileType = sourcecode.swift; path = Array.swift; sourceTree = "<group>"; };
		1EE1AD7A2DB40AC200AD714E /* Date.swift */ = {isa = PBXFileReference; lastKnownFileType = sourcecode.swift; path = Date.swift; sourceTree = "<group>"; };
		1EE1AD7B2DB40AC200AD714E /* EditMode.swift */ = {isa = PBXFileReference; lastKnownFileType = sourcecode.swift; path = EditMode.swift; sourceTree = "<group>"; };
		1EE1AD7C2DB40AC200AD714E /* FetchDescriptor.swift */ = {isa = PBXFileReference; lastKnownFileType = sourcecode.swift; path = FetchDescriptor.swift; sourceTree = "<group>"; };
		1EE1AD7D2DB40AC200AD714E /* Image.swift */ = {isa = PBXFileReference; lastKnownFileType = sourcecode.swift; path = Image.swift; sourceTree = "<group>"; };
		1EE1AD7E2DB40AC200AD714E /* ModelContainer.swift */ = {isa = PBXFileReference; lastKnownFileType = sourcecode.swift; path = ModelContainer.swift; sourceTree = "<group>"; };
		1EE1AD7F2DB40AC200AD714E /* ModelContext.swift */ = {isa = PBXFileReference; lastKnownFileType = sourcecode.swift; path = ModelContext.swift; sourceTree = "<group>"; };
		1EE1AD802DB40AC200AD714E /* Predicate.swift */ = {isa = PBXFileReference; lastKnownFileType = sourcecode.swift; path = Predicate.swift; sourceTree = "<group>"; };
		1EE1AD812DB40AC200AD714E /* Set.swift */ = {isa = PBXFileReference; lastKnownFileType = sourcecode.swift; path = Set.swift; sourceTree = "<group>"; };
		1EE1AD822DB40AC200AD714E /* SortDescriptor.swift */ = {isa = PBXFileReference; lastKnownFileType = sourcecode.swift; path = SortDescriptor.swift; sourceTree = "<group>"; };
		1EE1AD832DB40AC200AD714E /* SortOrder.swift */ = {isa = PBXFileReference; lastKnownFileType = sourcecode.swift; path = SortOrder.swift; sourceTree = "<group>"; };
		1EE1AD842DB40AC200AD714E /* String.swift */ = {isa = PBXFileReference; lastKnownFileType = sourcecode.swift; path = String.swift; sourceTree = "<group>"; };
		1EE1AD852DB40AC200AD714E /* UIImage.swift */ = {isa = PBXFileReference; lastKnownFileType = sourcecode.swift; path = UIImage.swift; sourceTree = "<group>"; };
		1EE1AD862DB40AC200AD714E /* View.swift */ = {isa = PBXFileReference; lastKnownFileType = sourcecode.swift; path = View.swift; sourceTree = "<group>"; };
		1EE1AD882DB40AC200AD714E /* ConfigurationViewProtocol.swift */ = {isa = PBXFileReference; lastKnownFileType = sourcecode.swift; path = ConfigurationViewProtocol.swift; sourceTree = "<group>"; };
		1EE1AD892DB40AC200AD714E /* GamesListViewProtocol.swift */ = {isa = PBXFileReference; lastKnownFileType = sourcecode.swift; path = GamesListViewProtocol.swift; sourceTree = "<group>"; };
		1EE1AD8A2DB40AC200AD714E /* GameViewProtocol.swift */ = {isa = PBXFileReference; lastKnownFileType = sourcecode.swift; path = GameViewProtocol.swift; sourceTree = "<group>"; };
		1EE1AD8C2DB40AC200AD714E /* Defaultable.swift */ = {isa = PBXFileReference; lastKnownFileType = sourcecode.swift; path = Defaultable.swift; sourceTree = "<group>"; };
		1EE1AD8D2DB40AC200AD714E /* Enumerable.swift */ = {isa = PBXFileReference; lastKnownFileType = sourcecode.swift; path = Enumerable.swift; sourceTree = "<group>"; };
		1EE1AD8E2DB40AC200AD714E /* Iterable.swift */ = {isa = PBXFileReference; lastKnownFileType = sourcecode.swift; path = Iterable.swift; sourceTree = "<group>"; };
		1EE1AD8F2DB40AC200AD714E /* Randomizable.swift */ = {isa = PBXFileReference; lastKnownFileType = sourcecode.swift; path = Randomizable.swift; sourceTree = "<group>"; };
		1EE1AD912DB40AC200AD714E /* GameResult.swift */ = {isa = PBXFileReference; lastKnownFileType = sourcecode.swift; path = GameResult.swift; sourceTree = "<group>"; };
		1EE1AD922DB40AC200AD714E /* Snapshot.swift */ = {isa = PBXFileReference; lastKnownFileType = sourcecode.swift; path = Snapshot.swift; sourceTree = "<group>"; };
		1EE1AD932DB40AC200AD714E /* HideModifier.swift */ = {isa = PBXFileReference; lastKnownFileType = sourcecode.swift; path = HideModifier.swift; sourceTree = "<group>"; };
		1EE1AD952DB40AC200AD714E /* IconView.swift */ = {isa = PBXFileReference; lastKnownFileType = sourcecode.swift; path = IconView.swift; sourceTree = "<group>"; };
		1EE1AD962DB40AC200AD714E /* TextFieldView.swift */ = {isa = PBXFileReference; lastKnownFileType = sourcecode.swift; path = TextFieldView.swift; sourceTree = "<group>"; };
		1EE1AD982DB40AC200AD714E /* ContentView.swift */ = {isa = PBXFileReference; lastKnownFileType = sourcecode.swift; path = ContentView.swift; sourceTree = "<group>"; };
		1EE1AD992DB40AC200AD714E /* GameImageView.swift */ = {isa = PBXFileReference; lastKnownFileType = sourcecode.swift; path = GameImageView.swift; sourceTree = "<group>"; };
		1EE1AD9A2DB40AC200AD714E /* GamesListView.swift */ = {isa = PBXFileReference; lastKnownFileType = sourcecode.swift; path = GamesListView.swift; sourceTree = "<group>"; };
		1EE1AD9B2DB40AC200AD714E /* GameView.swift */ = {isa = PBXFileReference; lastKnownFileType = sourcecode.swift; path = GameView.swift; sourceTree = "<group>"; };
		1EE1ADCA2DB42C5300AD714E /* PropertyModel.swift */ = {isa = PBXFileReference; lastKnownFileType = sourcecode.swift; path = PropertyModel.swift; sourceTree = "<group>"; };
		1EE1ADD42DB43B3600AD714E /* PropertyBuilder.swift */ = {isa = PBXFileReference; lastKnownFileType = sourcecode.swift; path = PropertyBuilder.swift; sourceTree = "<group>"; };
		1EE1ADD82DB44FAF00AD714E /* PropertySnapshot.swift */ = {isa = PBXFileReference; lastKnownFileType = sourcecode.swift; path = PropertySnapshot.swift; sourceTree = "<group>"; };
		1EE1ADDB2DB452EE00AD714E /* PropertyProtocol.swift */ = {isa = PBXFileReference; lastKnownFileType = sourcecode.swift; path = PropertyProtocol.swift; sourceTree = "<group>"; };
		625CBB442DB9388B00C36027 /* Attributes.swift */ = {isa = PBXFileReference; lastKnownFileType = sourcecode.swift; path = Attributes.swift; sourceTree = "<group>"; };
/* End PBXFileReference section */

/* Begin PBXFileSystemSynchronizedRootGroup section */
		1EE1AD5D2DB40A6D00AD714E /* autosave_ios */ = {
			isa = PBXFileSystemSynchronizedRootGroup;
			path = autosave_ios;
			sourceTree = "<group>";
		};
/* End PBXFileSystemSynchronizedRootGroup section */

/* Begin PBXFrameworksBuildPhase section */
		1EE1AD582DB40A6D00AD714E /* Frameworks */ = {
			isa = PBXFrameworksBuildPhase;
			buildActionMask = 2147483647;
			files = (
			);
			runOnlyForDeploymentPostprocessing = 0;
		};
/* End PBXFrameworksBuildPhase section */

/* Begin PBXGroup section */
		1E93B0EC2DBD524E008AD001 /* Format */ = {
			isa = PBXGroup;
			children = (
				1E93B0E92DBD524E008AD001 /* DigitalEnum.swift */,
				1E93B0EA2DBD524E008AD001 /* FormatEnum.swift */,
				1E93B0EB2DBD524E008AD001 /* PhysicalEnum.swift */,
			);
			path = Format;
			sourceTree = "<group>";
		};
		1E93B0F22DBD524E008AD001 /* System */ = {
			isa = PBXGroup;
			children = (
				1E93B0ED2DBD524E008AD001 /* NintendoEnum.swift */,
				1E93B0EE2DBD524E008AD001 /* OSEnum.swift */,
				1E93B0EF2DBD524E008AD001 /* PlayStationEnum.swift */,
				1E93B0F02DBD524E008AD001 /* SystemEnum.swift */,
				1E93B0F12DBD524E008AD001 /* XboxEnum.swift */,
			);
			path = System;
			sourceTree = "<group>";
		};
		1E93B0F42DBD524E008AD001 /* Platform */ = {
			isa = PBXGroup;
			children = (
				1E93B0EC2DBD524E008AD001 /* Format */,
				1E93B0F22DBD524E008AD001 /* System */,
				1E93B0F32DBD524E008AD001 /* PlatformEnum.swift */,
			);
			path = Platform;
			sourceTree = "<group>";
		};
		1E93B0F72DBD524E008AD001 /* Enum */ = {
			isa = PBXGroup;
			children = (
				1E93B0F62DBD524E008AD001 /* PropertyEnum.swift */,
				1E93B0F52DBD524E008AD001 /* ModeEnum.swift */,
				1E93B1042DBD5266008AD001 /* InputEnum.swift */,
				1E93B0F42DBD524E008AD001 /* Platform */,
			);
			path = Enum;
			sourceTree = "<group>";
		};
		1EE1AD522DB40A6D00AD714E = {
			isa = PBXGroup;
			children = (
				1EE1AD6D2DB40A9200AD714E /* src */,
				1EE1AD5D2DB40A6D00AD714E /* autosave_ios */,
				1EE1AD5C2DB40A6D00AD714E /* Products */,
			);
			sourceTree = "<group>";
		};
		1EE1AD5C2DB40A6D00AD714E /* Products */ = {
			isa = PBXGroup;
			children = (
				1EE1AD5B2DB40A6D00AD714E /* autosave_ios.app */,
			);
			name = Products;
			sourceTree = "<group>";
		};
		1EE1AD6D2DB40A9200AD714E /* src */ = {
			isa = PBXGroup;
			children = (
				625CBB562DBAB1F700C36027 /* Group */,
				1EE1AD9C2DB40AC200AD714E /* View */,
				1EE1AD712DB40AC200AD714E /* Class */,
				1EE1AD782DB40AC200AD714E /* Enum */,
				1EE1AD872DB40AC200AD714E /* Extension */,
				1EE1AD902DB40AC200AD714E /* Protocol */,
				1EE1AD942DB40AC200AD714E /* Struct */,
			);
			path = src;
			sourceTree = "<group>";
		};
		1EE1AD712DB40AC200AD714E /* Class */ = {
			isa = PBXGroup;
			children = (
				1EE1AD6E2DB40AC200AD714E /* Configuration.swift */,
			);
			path = Class;
			sourceTree = "<group>";
		};
		1EE1AD782DB40AC200AD714E /* Enum */ = {
			isa = PBXGroup;
			children = (
				1EE1AD722DB40AC200AD714E /* AlertEnum.swift */,
				1EE1AD732DB40AC200AD714E /* ConstantsEnum.swift */,
				1EE1AD762DB40AC200AD714E /* IconEnum.swift */,
				1EE1AD772DB40AC200AD714E /* MenuEnum.swift */,
				1E93B10A2DBD6303008AD001 /* ModelEnum.swift */,
			);
			path = Enum;
			sourceTree = "<group>";
		};
		1EE1AD872DB40AC200AD714E /* Extension */ = {
			isa = PBXGroup;
			children = (
				1EE1AD792DB40AC200AD714E /* Array.swift */,
				1EE1AD7A2DB40AC200AD714E /* Date.swift */,
				1EE1AD7B2DB40AC200AD714E /* EditMode.swift */,
				1EE1AD7C2DB40AC200AD714E /* FetchDescriptor.swift */,
				1E93B10C2DBD8806008AD001 /* UUID.swift */,
				1EE1AD7D2DB40AC200AD714E /* Image.swift */,
				1EE1AD7E2DB40AC200AD714E /* ModelContainer.swift */,
				1EE1AD7F2DB40AC200AD714E /* ModelContext.swift */,
				1EE1AD802DB40AC200AD714E /* Predicate.swift */,
				1EE1AD812DB40AC200AD714E /* Set.swift */,
				1EE1AD822DB40AC200AD714E /* SortDescriptor.swift */,
				1EE1AD832DB40AC200AD714E /* SortOrder.swift */,
				1EE1AD842DB40AC200AD714E /* String.swift */,
				1EE1AD852DB40AC200AD714E /* UIImage.swift */,
				1EE1AD862DB40AC200AD714E /* View.swift */,
			);
			path = Extension;
			sourceTree = "<group>";
		};
		1EE1AD8B2DB40AC200AD714E /* View */ = {
			isa = PBXGroup;
			children = (
				1EE1AD882DB40AC200AD714E /* ConfigurationViewProtocol.swift */,
				1EE1AD892DB40AC200AD714E /* GamesListViewProtocol.swift */,
				1EE1AD8A2DB40AC200AD714E /* GameViewProtocol.swift */,
			);
			path = View;
			sourceTree = "<group>";
		};
		1EE1AD902DB40AC200AD714E /* Protocol */ = {
			isa = PBXGroup;
			children = (
				1EE1AD8B2DB40AC200AD714E /* View */,
				1EE1AD8C2DB40AC200AD714E /* Defaultable.swift */,
				1E93B0C82DBC3A0D008AD001 /* Displayable.swift */,
				1EE1AD8D2DB40AC200AD714E /* Enumerable.swift */,
				1EE1AD8E2DB40AC200AD714E /* Iterable.swift */,
				1EE1AD8F2DB40AC200AD714E /* Randomizable.swift */,
			);
			path = Protocol;
			sourceTree = "<group>";
		};
		1EE1AD942DB40AC200AD714E /* Struct */ = {
			isa = PBXGroup;
			children = (
				1E93B1102DBEDA66008AD001 /* ValueBuilder.swift */,
				1EE1AD922DB40AC200AD714E /* Snapshot.swift */,
				1EE1AD932DB40AC200AD714E /* HideModifier.swift */,
			);
			path = Struct;
			sourceTree = "<group>";
		};
		1EE1AD972DB40AC200AD714E /* Utility */ = {
			isa = PBXGroup;
			children = (
				1EE1AD952DB40AC200AD714E /* IconView.swift */,
				1EE1AD962DB40AC200AD714E /* TextFieldView.swift */,
			);
			path = Utility;
			sourceTree = "<group>";
		};
		1EE1AD9C2DB40AC200AD714E /* View */ = {
			isa = PBXGroup;
			children = (
				625CBB552DBAB18900C36027 /* Game */,
				1EE1AD972DB40AC200AD714E /* Utility */,
				1EE1AD982DB40AC200AD714E /* ContentView.swift */,
			);
			path = View;
			sourceTree = "<group>";
		};
		625CBB422DB9375C00C36027 /* Link */ = {
			isa = PBXGroup;
			children = (
				1EB3D5902DB5757900FB4B16 /* LinkModel.swift */,
			);
			path = Link;
			sourceTree = "<group>";
		};
		625CBB532DBAB03B00C36027 /* Game */ = {
			isa = PBXGroup;
			children = (
				1EE1AD702DB40AC200AD714E /* GameModel.swift */,
				1EE1AD6F2DB40AC200AD714E /* GameBuilder.swift */,
				1EB3D5AD2DBAF39B00FB4B16 /* GameSnapshot.swift */,
				1EE1AD912DB40AC200AD714E /* GameResult.swift */,
				1EE1AD742DB40AC200AD714E /* GameSortEnum.swift */,
				1EE1AD752DB40AC200AD714E /* GameStatusEnum.swift */,
			);
			path = Game;
			sourceTree = "<group>";
		};
		625CBB542DBAB06700C36027 /* Property */ = {
			isa = PBXGroup;
			children = (
				1EE1ADCA2DB42C5300AD714E /* PropertyModel.swift */,
				1EE1ADD42DB43B3600AD714E /* PropertyBuilder.swift */,
				1E93B10E2DBDA91F008AD001 /* PropertyGrouping.swift */,
				1EE1ADD82DB44FAF00AD714E /* PropertySnapshot.swift */,
				1EB3D5A32DB6F46C00FB4B16 /* PlatformSnapshot.swift */,
				1E93B0CA2DBC584A008AD001 /* PlatformBuilder.swift */,
				1EB3D59F2DB6C7B800FB4B16 /* SystemBuilder.swift */,
				1EB3D59D2DB6C6C600FB4B16 /* FormatBuilder.swift */,
				1E93B1062DBD5721008AD001 /* InputSnapshot.swift */,
				1E93B1082DBD5FC8008AD001 /* ModeSnapshot.swift */,
				1E93B0F72DBD524E008AD001 /* Enum */,
				1EB3D5962DB6BD3C00FB4B16 /* SystemProtocol.swift */,
				1EB3D59B2DB6BECA00FB4B16 /* FormatProtocol.swift */,
				1EE1ADDB2DB452EE00AD714E /* PropertyProtocol.swift */,
				625CBB442DB9388B00C36027 /* Attributes.swift */,
				1EB3D5A52DB6F47400FB4B16 /* SystemSnapshot.swift */,
				1EB3D5A72DB6F47D00FB4B16 /* FormatSnapshot.swift */,
			);
			path = Property;
			sourceTree = "<group>";
		};
		625CBB552DBAB18900C36027 /* Game */ = {
			isa = PBXGroup;
			children = (
				1EE1AD992DB40AC200AD714E /* GameImageView.swift */,
				1EE1AD9A2DB40AC200AD714E /* GamesListView.swift */,
				1EE1AD9B2DB40AC200AD714E /* GameView.swift */,
			);
			path = Game;
			sourceTree = "<group>";
		};
		625CBB562DBAB1F700C36027 /* Group */ = {
			isa = PBXGroup;
			children = (
				625CBB532DBAB03B00C36027 /* Game */,
				625CBB542DBAB06700C36027 /* Property */,
				625CBB422DB9375C00C36027 /* Link */,
			);
			path = Group;
			sourceTree = "<group>";
		};
/* End PBXGroup section */

/* Begin PBXNativeTarget section */
		1EE1AD5A2DB40A6D00AD714E /* autosave_ios */ = {
			isa = PBXNativeTarget;
			buildConfigurationList = 1EE1AD682DB40A6E00AD714E /* Build configuration list for PBXNativeTarget "autosave_ios" */;
			buildPhases = (
				1EE1AD572DB40A6D00AD714E /* Sources */,
				1EE1AD582DB40A6D00AD714E /* Frameworks */,
				1EE1AD592DB40A6D00AD714E /* Resources */,
			);
			buildRules = (
			);
			dependencies = (
			);
			fileSystemSynchronizedGroups = (
				1EE1AD5D2DB40A6D00AD714E /* autosave_ios */,
			);
			name = autosave_ios;
			packageProductDependencies = (
			);
			productName = autosave_ios;
			productReference = 1EE1AD5B2DB40A6D00AD714E /* autosave_ios.app */;
			productType = "com.apple.product-type.application";
		};
/* End PBXNativeTarget section */

/* Begin PBXProject section */
		1EE1AD532DB40A6D00AD714E /* Project object */ = {
			isa = PBXProject;
			attributes = {
				BuildIndependentTargetsInParallel = 1;
				LastSwiftUpdateCheck = 1630;
				LastUpgradeCheck = 1630;
				TargetAttributes = {
					1EE1AD5A2DB40A6D00AD714E = {
						CreatedOnToolsVersion = 16.3;
					};
				};
			};
			buildConfigurationList = 1EE1AD562DB40A6D00AD714E /* Build configuration list for PBXProject "autosave_ios" */;
			developmentRegion = en;
			hasScannedForEncodings = 0;
			knownRegions = (
				en,
				Base,
			);
			mainGroup = 1EE1AD522DB40A6D00AD714E;
			minimizedProjectReferenceProxies = 1;
			preferredProjectObjectVersion = 77;
			productRefGroup = 1EE1AD5C2DB40A6D00AD714E /* Products */;
			projectDirPath = "";
			projectRoot = "";
			targets = (
				1EE1AD5A2DB40A6D00AD714E /* autosave_ios */,
			);
		};
/* End PBXProject section */

/* Begin PBXResourcesBuildPhase section */
		1EE1AD592DB40A6D00AD714E /* Resources */ = {
			isa = PBXResourcesBuildPhase;
			buildActionMask = 2147483647;
			files = (
			);
			runOnlyForDeploymentPostprocessing = 0;
		};
/* End PBXResourcesBuildPhase section */

/* Begin PBXSourcesBuildPhase section */
		1EE1AD572DB40A6D00AD714E /* Sources */ = {
			isa = PBXSourcesBuildPhase;
			buildActionMask = 2147483647;
			files = (
				1EE1ADCB2DB42C5300AD714E /* PropertyModel.swift in Sources */,
				1EE1AD9D2DB40AC200AD714E /* GameStatusEnum.swift in Sources */,
				1EE1AD9E2DB40AC200AD714E /* GamesListView.swift in Sources */,
				1E93B10F2DBDA91F008AD001 /* PropertyGrouping.swift in Sources */,
				1EE1AD9F2DB40AC200AD714E /* GameImageView.swift in Sources */,
				1EE1ADA02DB40AC200AD714E /* GameModel.swift in Sources */,
				1E93B0C92DBC3A0D008AD001 /* Displayable.swift in Sources */,
				1EB3D5A42DB6F46C00FB4B16 /* PlatformSnapshot.swift in Sources */,
				1EE1ADA12DB40AC200AD714E /* GameView.swift in Sources */,
				1EE1ADA22DB40AC200AD714E /* GamesListViewProtocol.swift in Sources */,
				1EE1ADA32DB40AC200AD714E /* IconEnum.swift in Sources */,
				1EB3D5912DB5757900FB4B16 /* LinkModel.swift in Sources */,
				1EE1ADA42DB40AC200AD714E /* GameBuilder.swift in Sources */,
				1EE1ADA52DB40AC200AD714E /* AlertEnum.swift in Sources */,
				1EE1ADA62DB40AC200AD714E /* IconView.swift in Sources */,
				1EE1ADA72DB40AC200AD714E /* SortOrder.swift in Sources */,
				1EB3D59E2DB6C6C600FB4B16 /* FormatBuilder.swift in Sources */,
				1EE1ADA82DB40AC200AD714E /* ContentView.swift in Sources */,
				1E93B1112DBEDA66008AD001 /* ValueBuilder.swift in Sources */,
				1EE1ADA92DB40AC200AD714E /* View.swift in Sources */,
				1EB3D59C2DB6BECA00FB4B16 /* FormatProtocol.swift in Sources */,
				1EE1ADAA2DB40AC200AD714E /* Predicate.swift in Sources */,
				1EE1ADAB2DB40AC200AD714E /* ConfigurationViewProtocol.swift in Sources */,
				1E93B0F92DBD524E008AD001 /* DigitalEnum.swift in Sources */,
				1E93B0FA2DBD524E008AD001 /* FormatEnum.swift in Sources */,
				1E93B0FB2DBD524E008AD001 /* PhysicalEnum.swift in Sources */,
				1E93B0FC2DBD524E008AD001 /* NintendoEnum.swift in Sources */,
				1E93B0FD2DBD524E008AD001 /* OSEnum.swift in Sources */,
				1E93B0FE2DBD524E008AD001 /* PlayStationEnum.swift in Sources */,
				1E93B0FF2DBD524E008AD001 /* SystemEnum.swift in Sources */,
				1E93B1002DBD524E008AD001 /* XboxEnum.swift in Sources */,
				1E93B1012DBD524E008AD001 /* PlatformEnum.swift in Sources */,
				1E93B1022DBD524E008AD001 /* ModeEnum.swift in Sources */,
				1E93B1032DBD524E008AD001 /* PropertyEnum.swift in Sources */,
				1EE1ADAC2DB40AC200AD714E /* TextFieldView.swift in Sources */,
				1EE1ADAD2DB40AC200AD714E /* SortDescriptor.swift in Sources */,
				1E93B0CB2DBC584A008AD001 /* PlatformBuilder.swift in Sources */,
				1EB3D5A02DB6C7B800FB4B16 /* SystemBuilder.swift in Sources */,
				1EE1ADAE2DB40AC200AD714E /* Defaultable.swift in Sources */,
				1EE1ADAF2DB40AC200AD714E /* Snapshot.swift in Sources */,
				1EE1ADD92DB44FAF00AD714E /* PropertySnapshot.swift in Sources */,
				1EB3D5AE2DBAF39B00FB4B16 /* GameSnapshot.swift in Sources */,
				1EB3D5A62DB6F47400FB4B16 /* SystemSnapshot.swift in Sources */,
				1E93B10D2DBD8806008AD001 /* UUID.swift in Sources */,
				1E93B1072DBD5721008AD001 /* InputSnapshot.swift in Sources */,
				1EE1ADB02DB40AC200AD714E /* MenuEnum.swift in Sources */,
				1EE1ADB12DB40AC200AD714E /* GameSortEnum.swift in Sources */,
				1E93B1092DBD5FC8008AD001 /* ModeSnapshot.swift in Sources */,
				1EE1ADB22DB40AC200AD714E /* HideModifier.swift in Sources */,
				1EE1ADB32DB40AC200AD714E /* EditMode.swift in Sources */,
				1EE1ADB42DB40AC200AD714E /* ModelContainer.swift in Sources */,
				625CBB452DB9388B00C36027 /* Attributes.swift in Sources */,
				1EE1ADB52DB40AC200AD714E /* GameViewProtocol.swift in Sources */,
				1EE1ADB62DB40AC200AD714E /* ConstantsEnum.swift in Sources */,
				1E93B1052DBD5266008AD001 /* InputEnum.swift in Sources */,
				1EE1ADB72DB40AC200AD714E /* String.swift in Sources */,
				1EE1ADB82DB40AC200AD714E /* Configuration.swift in Sources */,
				1EE1ADB92DB40AC200AD714E /* Iterable.swift in Sources */,
				1EB3D5972DB6BD3C00FB4B16 /* SystemProtocol.swift in Sources */,
				1EE1ADBA2DB40AC200AD714E /* UIImage.swift in Sources */,
				1EE1ADBB2DB40AC200AD714E /* Date.swift in Sources */,
				1EE1ADDC2DB452EE00AD714E /* PropertyProtocol.swift in Sources */,
				1EE1ADBC2DB40AC200AD714E /* Array.swift in Sources */,
				1EE1ADBD2DB40AC200AD714E /* GameResult.swift in Sources */,
				1EE1ADD52DB43B3600AD714E /* PropertyBuilder.swift in Sources */,
				1E93B10B2DBD6303008AD001 /* ModelEnum.swift in Sources */,
				1EE1ADBE2DB40AC200AD714E /* Set.swift in Sources */,
				1EE1ADBF2DB40AC200AD714E /* FetchDescriptor.swift in Sources */,
				1EB3D5A82DB6F47D00FB4B16 /* FormatSnapshot.swift in Sources */,
				1EE1ADC02DB40AC200AD714E /* ModelContext.swift in Sources */,
				1EE1ADC12DB40AC200AD714E /* Image.swift in Sources */,
				1EE1ADC22DB40AC200AD714E /* Enumerable.swift in Sources */,
				1EE1ADC32DB40AC200AD714E /* Randomizable.swift in Sources */,
			);
			runOnlyForDeploymentPostprocessing = 0;
		};
/* End PBXSourcesBuildPhase section */

/* Begin XCBuildConfiguration section */
		1EE1AD662DB40A6E00AD714E /* Debug */ = {
			isa = XCBuildConfiguration;
			buildSettings = {
				ALWAYS_SEARCH_USER_PATHS = NO;
				ASSETCATALOG_COMPILER_GENERATE_SWIFT_ASSET_SYMBOL_EXTENSIONS = YES;
				CLANG_ANALYZER_NONNULL = YES;
				CLANG_ANALYZER_NUMBER_OBJECT_CONVERSION = YES_AGGRESSIVE;
				CLANG_CXX_LANGUAGE_STANDARD = "gnu++20";
				CLANG_ENABLE_MODULES = YES;
				CLANG_ENABLE_OBJC_ARC = YES;
				CLANG_ENABLE_OBJC_WEAK = YES;
				CLANG_WARN_BLOCK_CAPTURE_AUTORELEASING = YES;
				CLANG_WARN_BOOL_CONVERSION = YES;
				CLANG_WARN_COMMA = YES;
				CLANG_WARN_CONSTANT_CONVERSION = YES;
				CLANG_WARN_DEPRECATED_OBJC_IMPLEMENTATIONS = YES;
				CLANG_WARN_DIRECT_OBJC_ISA_USAGE = YES_ERROR;
				CLANG_WARN_DOCUMENTATION_COMMENTS = YES;
				CLANG_WARN_EMPTY_BODY = YES;
				CLANG_WARN_ENUM_CONVERSION = YES;
				CLANG_WARN_INFINITE_RECURSION = YES;
				CLANG_WARN_INT_CONVERSION = YES;
				CLANG_WARN_NON_LITERAL_NULL_CONVERSION = YES;
				CLANG_WARN_OBJC_IMPLICIT_RETAIN_SELF = YES;
				CLANG_WARN_OBJC_LITERAL_CONVERSION = YES;
				CLANG_WARN_OBJC_ROOT_CLASS = YES_ERROR;
				CLANG_WARN_QUOTED_INCLUDE_IN_FRAMEWORK_HEADER = YES;
				CLANG_WARN_RANGE_LOOP_ANALYSIS = YES;
				CLANG_WARN_STRICT_PROTOTYPES = YES;
				CLANG_WARN_SUSPICIOUS_MOVE = YES;
				CLANG_WARN_UNGUARDED_AVAILABILITY = YES_AGGRESSIVE;
				CLANG_WARN_UNREACHABLE_CODE = YES;
				CLANG_WARN__DUPLICATE_METHOD_MATCH = YES;
				COPY_PHASE_STRIP = NO;
				DEBUG_INFORMATION_FORMAT = dwarf;
				DEVELOPMENT_TEAM = 6H7NA9X6MX;
				ENABLE_STRICT_OBJC_MSGSEND = YES;
				ENABLE_TESTABILITY = YES;
				ENABLE_USER_SCRIPT_SANDBOXING = YES;
				GCC_C_LANGUAGE_STANDARD = gnu17;
				GCC_DYNAMIC_NO_PIC = NO;
				GCC_NO_COMMON_BLOCKS = YES;
				GCC_OPTIMIZATION_LEVEL = 0;
				GCC_PREPROCESSOR_DEFINITIONS = (
					"DEBUG=1",
					"$(inherited)",
				);
				GCC_WARN_64_TO_32_BIT_CONVERSION = YES;
				GCC_WARN_ABOUT_RETURN_TYPE = YES_ERROR;
				GCC_WARN_UNDECLARED_SELECTOR = YES;
				GCC_WARN_UNINITIALIZED_AUTOS = YES_AGGRESSIVE;
				GCC_WARN_UNUSED_FUNCTION = YES;
				GCC_WARN_UNUSED_VARIABLE = YES;
				IPHONEOS_DEPLOYMENT_TARGET = 18.4;
				LOCALIZATION_PREFERS_STRING_CATALOGS = YES;
				MTL_ENABLE_DEBUG_INFO = INCLUDE_SOURCE;
				MTL_FAST_MATH = YES;
				ONLY_ACTIVE_ARCH = YES;
				SDKROOT = iphoneos;
				SWIFT_ACTIVE_COMPILATION_CONDITIONS = "DEBUG $(inherited)";
				SWIFT_OPTIMIZATION_LEVEL = "-Onone";
			};
			name = Debug;
		};
		1EE1AD672DB40A6E00AD714E /* Release */ = {
			isa = XCBuildConfiguration;
			buildSettings = {
				ALWAYS_SEARCH_USER_PATHS = NO;
				ASSETCATALOG_COMPILER_GENERATE_SWIFT_ASSET_SYMBOL_EXTENSIONS = YES;
				CLANG_ANALYZER_NONNULL = YES;
				CLANG_ANALYZER_NUMBER_OBJECT_CONVERSION = YES_AGGRESSIVE;
				CLANG_CXX_LANGUAGE_STANDARD = "gnu++20";
				CLANG_ENABLE_MODULES = YES;
				CLANG_ENABLE_OBJC_ARC = YES;
				CLANG_ENABLE_OBJC_WEAK = YES;
				CLANG_WARN_BLOCK_CAPTURE_AUTORELEASING = YES;
				CLANG_WARN_BOOL_CONVERSION = YES;
				CLANG_WARN_COMMA = YES;
				CLANG_WARN_CONSTANT_CONVERSION = YES;
				CLANG_WARN_DEPRECATED_OBJC_IMPLEMENTATIONS = YES;
				CLANG_WARN_DIRECT_OBJC_ISA_USAGE = YES_ERROR;
				CLANG_WARN_DOCUMENTATION_COMMENTS = YES;
				CLANG_WARN_EMPTY_BODY = YES;
				CLANG_WARN_ENUM_CONVERSION = YES;
				CLANG_WARN_INFINITE_RECURSION = YES;
				CLANG_WARN_INT_CONVERSION = YES;
				CLANG_WARN_NON_LITERAL_NULL_CONVERSION = YES;
				CLANG_WARN_OBJC_IMPLICIT_RETAIN_SELF = YES;
				CLANG_WARN_OBJC_LITERAL_CONVERSION = YES;
				CLANG_WARN_OBJC_ROOT_CLASS = YES_ERROR;
				CLANG_WARN_QUOTED_INCLUDE_IN_FRAMEWORK_HEADER = YES;
				CLANG_WARN_RANGE_LOOP_ANALYSIS = YES;
				CLANG_WARN_STRICT_PROTOTYPES = YES;
				CLANG_WARN_SUSPICIOUS_MOVE = YES;
				CLANG_WARN_UNGUARDED_AVAILABILITY = YES_AGGRESSIVE;
				CLANG_WARN_UNREACHABLE_CODE = YES;
				CLANG_WARN__DUPLICATE_METHOD_MATCH = YES;
				COPY_PHASE_STRIP = NO;
				DEBUG_INFORMATION_FORMAT = "dwarf-with-dsym";
				DEVELOPMENT_TEAM = 6H7NA9X6MX;
				ENABLE_NS_ASSERTIONS = NO;
				ENABLE_STRICT_OBJC_MSGSEND = YES;
				ENABLE_USER_SCRIPT_SANDBOXING = YES;
				GCC_C_LANGUAGE_STANDARD = gnu17;
				GCC_NO_COMMON_BLOCKS = YES;
				GCC_WARN_64_TO_32_BIT_CONVERSION = YES;
				GCC_WARN_ABOUT_RETURN_TYPE = YES_ERROR;
				GCC_WARN_UNDECLARED_SELECTOR = YES;
				GCC_WARN_UNINITIALIZED_AUTOS = YES_AGGRESSIVE;
				GCC_WARN_UNUSED_FUNCTION = YES;
				GCC_WARN_UNUSED_VARIABLE = YES;
				IPHONEOS_DEPLOYMENT_TARGET = 18.4;
				LOCALIZATION_PREFERS_STRING_CATALOGS = YES;
				MTL_ENABLE_DEBUG_INFO = NO;
				MTL_FAST_MATH = YES;
				SDKROOT = iphoneos;
				SWIFT_COMPILATION_MODE = wholemodule;
				VALIDATE_PRODUCT = YES;
			};
			name = Release;
		};
		1EE1AD692DB40A6E00AD714E /* Debug */ = {
			isa = XCBuildConfiguration;
			buildSettings = {
				ASSETCATALOG_COMPILER_APPICON_NAME = AppIcon;
				ASSETCATALOG_COMPILER_GLOBAL_ACCENT_COLOR_NAME = AccentColor;
				CODE_SIGN_STYLE = Automatic;
				CURRENT_PROJECT_VERSION = 1;
				DEVELOPMENT_TEAM = 6H7NA9X6MX;
				ENABLE_PREVIEWS = YES;
				GENERATE_INFOPLIST_FILE = YES;
				INFOPLIST_KEY_UIApplicationSceneManifest_Generation = YES;
				INFOPLIST_KEY_UIApplicationSupportsIndirectInputEvents = YES;
				INFOPLIST_KEY_UILaunchScreen_Generation = YES;
				INFOPLIST_KEY_UISupportedInterfaceOrientations_iPad = "UIInterfaceOrientationPortrait UIInterfaceOrientationPortraitUpsideDown UIInterfaceOrientationLandscapeLeft UIInterfaceOrientationLandscapeRight";
				INFOPLIST_KEY_UISupportedInterfaceOrientations_iPhone = "UIInterfaceOrientationPortrait UIInterfaceOrientationLandscapeLeft UIInterfaceOrientationLandscapeRight";
				LD_RUNPATH_SEARCH_PATHS = (
					"$(inherited)",
					"@executable_path/Frameworks",
				);
				MARKETING_VERSION = 1.0;
				PRODUCT_BUNDLE_IDENTIFIER = "com.asiaserrano.autosave-ios";
				PRODUCT_NAME = "$(TARGET_NAME)";
				SWIFT_EMIT_LOC_STRINGS = YES;
				SWIFT_VERSION = 5.0;
				TARGETED_DEVICE_FAMILY = "1,2";
			};
			name = Debug;
		};
		1EE1AD6A2DB40A6E00AD714E /* Release */ = {
			isa = XCBuildConfiguration;
			buildSettings = {
				ASSETCATALOG_COMPILER_APPICON_NAME = AppIcon;
				ASSETCATALOG_COMPILER_GLOBAL_ACCENT_COLOR_NAME = AccentColor;
				CODE_SIGN_STYLE = Automatic;
				CURRENT_PROJECT_VERSION = 1;
				DEVELOPMENT_TEAM = 6H7NA9X6MX;
				ENABLE_PREVIEWS = YES;
				GENERATE_INFOPLIST_FILE = YES;
				INFOPLIST_KEY_UIApplicationSceneManifest_Generation = YES;
				INFOPLIST_KEY_UIApplicationSupportsIndirectInputEvents = YES;
				INFOPLIST_KEY_UILaunchScreen_Generation = YES;
				INFOPLIST_KEY_UISupportedInterfaceOrientations_iPad = "UIInterfaceOrientationPortrait UIInterfaceOrientationPortraitUpsideDown UIInterfaceOrientationLandscapeLeft UIInterfaceOrientationLandscapeRight";
				INFOPLIST_KEY_UISupportedInterfaceOrientations_iPhone = "UIInterfaceOrientationPortrait UIInterfaceOrientationLandscapeLeft UIInterfaceOrientationLandscapeRight";
				LD_RUNPATH_SEARCH_PATHS = (
					"$(inherited)",
					"@executable_path/Frameworks",
				);
				MARKETING_VERSION = 1.0;
				PRODUCT_BUNDLE_IDENTIFIER = "com.asiaserrano.autosave-ios";
				PRODUCT_NAME = "$(TARGET_NAME)";
				SWIFT_EMIT_LOC_STRINGS = YES;
				SWIFT_VERSION = 5.0;
				TARGETED_DEVICE_FAMILY = "1,2";
			};
			name = Release;
		};
/* End XCBuildConfiguration section */

/* Begin XCConfigurationList section */
		1EE1AD562DB40A6D00AD714E /* Build configuration list for PBXProject "autosave_ios" */ = {
			isa = XCConfigurationList;
			buildConfigurations = (
				1EE1AD662DB40A6E00AD714E /* Debug */,
				1EE1AD672DB40A6E00AD714E /* Release */,
			);
			defaultConfigurationIsVisible = 0;
			defaultConfigurationName = Release;
		};
		1EE1AD682DB40A6E00AD714E /* Build configuration list for PBXNativeTarget "autosave_ios" */ = {
			isa = XCConfigurationList;
			buildConfigurations = (
				1EE1AD692DB40A6E00AD714E /* Debug */,
				1EE1AD6A2DB40A6E00AD714E /* Release */,
			);
			defaultConfigurationIsVisible = 0;
			defaultConfigurationName = Release;
		};
/* End XCConfigurationList section */
	};
	rootObject = 1EE1AD532DB40A6D00AD714E /* Project object */;
}
